
Microsoft Visual Studio Solution File, Format Version 12.00
# Visual Studio 15
VisualStudioVersion = 15.0.28307.645
MinimumVisualStudioVersion = 10.0.40219.1
Project("{E24C65DC-7377-472B-9ABA-BC803B73C61A}") = "校赛", "校赛\", "{76BAE1C1-6C53-4D07-BB9A-6B68C7ED0691}"
	ProjectSection(WebsiteProperties) = preProject
		TargetFrameworkMoniker = ".NETFramework,Version%3Dv4.6.1"
		Debug.AspNetCompiler.VirtualPath = "/localhost_63600"
		Debug.AspNetCompiler.PhysicalPath = "校赛\"
		Debug.AspNetCompiler.TargetPath = "PrecompiledWeb\localhost_63600\"
		Debug.AspNetCompiler.Updateable = "true"
		Debug.AspNetCompiler.ForceOverwrite = "true"
		Debug.AspNetCompiler.FixedNames = "false"
		Debug.AspNetCompiler.Debug = "True"
		Release.AspNetCompiler.VirtualPath = "/localhost_63600"
		Release.AspNetCompiler.PhysicalPath = "校赛\"
		Release.AspNetCompiler.TargetPath = "PrecompiledWeb\localhost_63600\"
		Release.AspNetCompiler.Updateable = "true"
		Release.AspNetCompiler.ForceOverwrite = "true"
		Release.AspNetCompiler.FixedNames = "false"
		Release.AspNetCompiler.Debug = "False"
		VWDPort = "63600"
		SlnRelativePath = "校赛\"
		DefaultWebSiteLanguage = "Visual C#"
	EndProjectSection
EndProject
Global
	GlobalSection(SolutionConfigurationPlatforms) = preSolution
		Debug|Any CPU = Debug|Any CPU
	EndGlobalSection
	GlobalSection(ProjectConfigurationPlatforms) = postSolution
		{76BAE1C1-6C53-4D07-BB9A-6B68C7ED0691}.Debug|Any CPU.ActiveCfg = Debug|Any CPU
		{76BAE1C1-6C53-4D07-BB9A-6B68C7ED0691}.Debug|Any CPU.Build.0 = Debug|Any CPU
	EndGlobalSection
	GlobalSection(SolutionProperties) = preSolution
		HideSolutionNode = FALSE
	EndGlobalSection
	GlobalSection(ExtensibilityGlobals) = postSolution
		SolutionGuid = {ECDB1CCF-2A9D-4DEF-95D4-1EB4B7BC8A82}
	EndGlobalSection
EndGlobal
